
Microsoft Visual Studio Solution File, Format Version 12.00
# Visual Studio Version 17
VisualStudioVersion = 17.3.32929.385
MinimumVisualStudioVersion = 10.0.40219.1
Project("{9A19103F-16F7-4668-BE54-9A1E7A4F7556}") = "WS.Server", "Ws.Server\WS.Server.csproj", "{F4EF63D7-2458-413D-8731-EEB83EACC9EE}"
EndProject
Project("{9A19103F-16F7-4668-BE54-9A1E7A4F7556}") = "WebSocketUtils", "WebSocketUtils\WebSocketUtils.csproj", "{3A65B69C-19BA-46F5-A03E-D683B9B4385D}"
EndProject
Global
	GlobalSection(SolutionConfigurationPlatforms) = preSolution
		Debug|Any CPU = Debug|Any CPU
		Release|Any CPU = Release|Any CPU
	EndGlobalSection
	GlobalSection(ProjectConfigurationPlatforms) = postSolution
		{F4EF63D7-2458-413D-8731-EEB83EACC9EE}.Debug|Any CPU.ActiveCfg = Debug|Any CPU
		{F4EF63D7-2458-413D-8731-EEB83EACC9EE}.Debug|Any CPU.Build.0 = Debug|Any CPU
		{F4EF63D7-2458-413D-8731-EEB83EACC9EE}.Release|Any CPU.ActiveCfg = Release|Any CPU
		{F4EF63D7-2458-413D-8731-EEB83EACC9EE}.Release|Any CPU.Build.0 = Release|Any CPU
		{3A65B69C-19BA-46F5-A03E-D683B9B4385D}.Debug|Any CPU.ActiveCfg = Debug|Any CPU
		{3A65B69C-19BA-46F5-A03E-D683B9B4385D}.Debug|Any CPU.Build.0 = Debug|Any CPU
		{3A65B69C-19BA-46F5-A03E-D683B9B4385D}.Release|Any CPU.ActiveCfg = Release|Any CPU
		{3A65B69C-19BA-46F5-A03E-D683B9B4385D}.Release|Any CPU.Build.0 = Release|Any CPU
	EndGlobalSection
	GlobalSection(SolutionProperties) = preSolution
		HideSolutionNode = FALSE
	EndGlobalSection
	GlobalSection(ExtensibilityGlobals) = postSolution
		SolutionGuid = {D965BE47-BF7E-4EBD-AED0-DE78972C747C}
	EndGlobalSection
EndGlobal
